<?xml version="1.0" encoding="utf-8"?>
<Project ToolsVersion="4.0" xmlns="http://schemas.microsoft.com/developer/msbuild/2003">
  <ItemGroup>
    <Filter Include="Source Files">
      <UniqueIdentifier>{4FC737F1-C7A5-4376-A066-2A32D752A2FF}</UniqueIdentifier>
      <Extensions>cpp;c;cc;cxx;c++;def;odl;idl;hpj;bat;asm;asmx</Extensions>
    </Filter>
    <Filter Include="Resource Files">
      <UniqueIdentifier>{67DA6AB6-F800-4c08-8B7A-83BB121AAD01}</UniqueIdentifier>
      <Extensions>rc;ico;cur;bmp;dlg;rc2;rct;bin;rgs;gif;jpg;jpeg;jpe;resx;tiff;tif;png;wav;mfcribbon-ms</Extensions>
    </Filter>
    <Filter Include="SshotCleaner">
      <UniqueIdentifier>{b6468386-5cc0-4083-a830-1f6eaca9c9be}</UniqueIdentifier>
    </Filter>
    <Filter Include="Mem">
      <UniqueIdentifier>{066b6690-7129-431d-83bf-7b4d7ce2c904}</UniqueIdentifier>
    </Filter>
    <Filter Include="Hook">
      <UniqueIdentifier>{2a968e57-8ccb-4966-9cbb-c041a920970f}</UniqueIdentifier>
    </Filter>
    <Filter Include="pch">
      <UniqueIdentifier>{93995380-89BD-4b04-88EB-625FBE52EBFB}</UniqueIdentifier>
      <Extensions>h;hh;hpp;hxx;h++;hm;inl;inc;ipp;xsd</Extensions>
    </Filter>
    <Filter Include="logger">
      <UniqueIdentifier>{ab51984d-c8c7-45a7-8173-ea2a33c506c2}</UniqueIdentifier>
    </Filter>
  </ItemGroup>
  <ItemGroup>
    <ClInclude Include="framework.h">
      <Filter>pch</Filter>
    </ClInclude>
    <ClInclude Include="pch.h">
      <Filter>pch</Filter>
    </ClInclude>
    <ClInclude Include="SshotCleaner.h">
      <Filter>SshotCleaner</Filter>
    </ClInclude>
    <ClInclude Include="mem.h">
      <Filter>Mem</Filter>
    </ClInclude>
    <ClInclude Include="hook.h">
      <Filter>Hook</Filter>
    </ClInclude>
    <ClInclude Include="Log.h">
      <Filter>logger</Filter>
    </ClInclude>
  </ItemGroup>
  <ItemGroup>
    <ClCompile Include="SshotCleaner.cpp">
      <Filter>SshotCleaner</Filter>
    </ClCompile>
    <ClCompile Include="mem.cpp">
      <Filter>Mem</Filter>
    </ClCompile>
    <ClCompile Include="hook.cpp">
      <Filter>Hook</Filter>
    </ClCompile>
    <ClCompile Include="pch.cpp">
      <Filter>pch</Filter>
    </ClCompile>
    <ClCompile Include="Log.cpp">
      <Filter>logger</Filter>
    </ClCompile>
    <ClCompile Include="dllmain.cpp" />
  </ItemGroup>
  <ItemGroup>
    <None Include=".gitignore">
      <Filter>pch</Filter>
    </None>
  </ItemGroup>
</Project>